
Microsoft Visual Studio Solution File, Format Version 12.00
# Visual Studio Version 16
VisualStudioVersion = 16.0.31911.196
MinimumVisualStudioVersion = 10.0.40219.1
Project("{FAE04EC0-301F-11D3-BF4B-00C04F79EFBC}") = "Project", "Project\Project.csproj", "{B1F60848-E5D9-4A64-978C-63ABDB323205}"
EndProject
Project("{FAE04EC0-301F-11D3-BF4B-00C04F79EFBC}") = "ProjectDAL", "ProjectDAL\ProjectDAL.csproj", "{D676F967-9DEF-44F2-9FC5-35A536A45DE6}"
EndProject
Global
	GlobalSection(SolutionConfigurationPlatforms) = preSolution
		Debug|Any CPU = Debug|Any CPU
		Release|Any CPU = Release|Any CPU
	EndGlobalSection
	GlobalSection(ProjectConfigurationPlatforms) = postSolution
		{B1F60848-E5D9-4A64-978C-63ABDB323205}.Debug|Any CPU.ActiveCfg = Debug|Any CPU
		{B1F60848-E5D9-4A64-978C-63ABDB323205}.Debug|Any CPU.Build.0 = Debug|Any CPU
		{B1F60848-E5D9-4A64-978C-63ABDB323205}.Release|Any CPU.ActiveCfg = Release|Any CPU
		{B1F60848-E5D9-4A64-978C-63ABDB323205}.Release|Any CPU.Build.0 = Release|Any CPU
		{D676F967-9DEF-44F2-9FC5-35A536A45DE6}.Debug|Any CPU.ActiveCfg = Debug|Any CPU
		{D676F967-9DEF-44F2-9FC5-35A536A45DE6}.Debug|Any CPU.Build.0 = Debug|Any CPU
		{D676F967-9DEF-44F2-9FC5-35A536A45DE6}.Release|Any CPU.ActiveCfg = Release|Any CPU
		{D676F967-9DEF-44F2-9FC5-35A536A45DE6}.Release|Any CPU.Build.0 = Release|Any CPU
	EndGlobalSection
	GlobalSection(SolutionProperties) = preSolution
		HideSolutionNode = FALSE
	EndGlobalSection
	GlobalSection(ExtensibilityGlobals) = postSolution
		SolutionGuid = {D97F43CF-6238-4164-87FC-AB7EEFDEA6D8}
	EndGlobalSection
EndGlobal
